// !$*UTF8*$!
{
	archiveVersion = 1;
	classes = {
	};
	objectVersion = 55;
	objects = {

/* Begin PBXBuildFile section */
		B5D7A5CF28B77445000504BE /* AppDelegate.swift in Sources */ = {isa = PBXBuildFile; fileRef = B5D7A5CE28B77445000504BE /* AppDelegate.swift */; };
		B5D7A5D128B77445000504BE /* SceneDelegate.swift in Sources */ = {isa = PBXBuildFile; fileRef = B5D7A5D028B77445000504BE /* SceneDelegate.swift */; };
		B5D7A5D328B77445000504BE /* MainTabBarController.swift in Sources */ = {isa = PBXBuildFile; fileRef = B5D7A5D228B77445000504BE /* MainTabBarController.swift */; };
		B5D7A5D828B77446000504BE /* Assets.xcassets in Resources */ = {isa = PBXBuildFile; fileRef = B5D7A5D728B77446000504BE /* Assets.xcassets */; };
		B5D7A5DB28B77446000504BE /* LaunchScreen.storyboard in Resources */ = {isa = PBXBuildFile; fileRef = B5D7A5D928B77446000504BE /* LaunchScreen.storyboard */; };
		B5D7A5E828B77CA2000504BE /* HomeViewController.swift in Sources */ = {isa = PBXBuildFile; fileRef = B5D7A5E728B77CA2000504BE /* HomeViewController.swift */; };
		B5D7A5EA28B77E29000504BE /* SearchViewController.swift in Sources */ = {isa = PBXBuildFile; fileRef = B5D7A5E928B77E29000504BE /* SearchViewController.swift */; };
		B5D7A5ED28B77FFE000504BE /* APICaller.swift in Sources */ = {isa = PBXBuildFile; fileRef = B5D7A5EC28B77FFE000504BE /* APICaller.swift */; };
		B5D7A5EF28B780AF000504BE /* APIConstants.swift in Sources */ = {isa = PBXBuildFile; fileRef = B5D7A5EE28B780AF000504BE /* APIConstants.swift */; };
		B5D7A5F128B784FD000504BE /* GameModel.swift in Sources */ = {isa = PBXBuildFile; fileRef = B5D7A5F028B784FD000504BE /* GameModel.swift */; };
/* End PBXBuildFile section */

/* Begin PBXFileReference section */
		B5D7A5CB28B77445000504BE /* GameLibraryRAWG.app */ = {isa = PBXFileReference; explicitFileType = wrapper.application; includeInIndex = 0; path = GameLibraryRAWG.app; sourceTree = BUILT_PRODUCTS_DIR; };
		B5D7A5CE28B77445000504BE /* AppDelegate.swift */ = {isa = PBXFileReference; lastKnownFileType = sourcecode.swift; path = AppDelegate.swift; sourceTree = "<group>"; };
		B5D7A5D028B77445000504BE /* SceneDelegate.swift */ = {isa = PBXFileReference; lastKnownFileType = sourcecode.swift; path = SceneDelegate.swift; sourceTree = "<group>"; };
		B5D7A5D228B77445000504BE /* MainTabBarController.swift */ = {isa = PBXFileReference; lastKnownFileType = sourcecode.swift; path = MainTabBarController.swift; sourceTree = "<group>"; };
		B5D7A5D728B77446000504BE /* Assets.xcassets */ = {isa = PBXFileReference; lastKnownFileType = folder.assetcatalog; path = Assets.xcassets; sourceTree = "<group>"; };
		B5D7A5DA28B77446000504BE /* Base */ = {isa = PBXFileReference; lastKnownFileType = file.storyboard; name = Base; path = Base.lproj/LaunchScreen.storyboard; sourceTree = "<group>"; };
		B5D7A5DC28B77446000504BE /* Info.plist */ = {isa = PBXFileReference; lastKnownFileType = text.plist.xml; path = Info.plist; sourceTree = "<group>"; };
		B5D7A5E728B77CA2000504BE /* HomeViewController.swift */ = {isa = PBXFileReference; lastKnownFileType = sourcecode.swift; path = HomeViewController.swift; sourceTree = "<group>"; };
		B5D7A5E928B77E29000504BE /* SearchViewController.swift */ = {isa = PBXFileReference; lastKnownFileType = sourcecode.swift; path = SearchViewController.swift; sourceTree = "<group>"; };
		B5D7A5EC28B77FFE000504BE /* APICaller.swift */ = {isa = PBXFileReference; lastKnownFileType = sourcecode.swift; path = APICaller.swift; sourceTree = "<group>"; };
		B5D7A5EE28B780AF000504BE /* APIConstants.swift */ = {isa = PBXFileReference; lastKnownFileType = sourcecode.swift; path = APIConstants.swift; sourceTree = "<group>"; };
		B5D7A5F028B784FD000504BE /* GameModel.swift */ = {isa = PBXFileReference; lastKnownFileType = sourcecode.swift; path = GameModel.swift; sourceTree = "<group>"; };
/* End PBXFileReference section */

/* Begin PBXFrameworksBuildPhase section */
		B5D7A5C828B77445000504BE /* Frameworks */ = {
			isa = PBXFrameworksBuildPhase;
			buildActionMask = 2147483647;
			files = (
			);
			runOnlyForDeploymentPostprocessing = 0;
		};
/* End PBXFrameworksBuildPhase section */

/* Begin PBXGroup section */
		B58FABA628B9034B00E356B1 /* Main */ = {
			isa = PBXGroup;
			children = (
				B5D7A5D228B77445000504BE /* MainTabBarController.swift */,
				B5D7A5E728B77CA2000504BE /* HomeViewController.swift */,
				B5D7A5E928B77E29000504BE /* SearchViewController.swift */,
			);
			path = Main;
			sourceTree = "<group>";
		};
		B5D7A5C228B77445000504BE = {
			isa = PBXGroup;
			children = (
				B5D7A5CD28B77445000504BE /* GameLibraryRAWG */,
				B5D7A5CC28B77445000504BE /* Products */,
			);
			sourceTree = "<group>";
		};
		B5D7A5CC28B77445000504BE /* Products */ = {
			isa = PBXGroup;
			children = (
				B5D7A5CB28B77445000504BE /* GameLibraryRAWG.app */,
			);
			name = Products;
			sourceTree = "<group>";
		};
		B5D7A5CD28B77445000504BE /* GameLibraryRAWG */ = {
			isa = PBXGroup;
			children = (
				B5D7A5E628B77631000504BE /* App */,
				B5D7A5EB28B77FDE000504BE /* APIManager */,
				B5D7A5E428B775FC000504BE /* Model */,
				B5D7A5E328B775F9000504BE /* Views */,
				B5D7A5E228B775DA000504BE /* Controllers */,
				B5D7A5D728B77446000504BE /* Assets.xcassets */,
				B5D7A5DC28B77446000504BE /* Info.plist */,
			);
			path = GameLibraryRAWG;
			sourceTree = "<group>";
		};
		B5D7A5E228B775DA000504BE /* Controllers */ = {
			isa = PBXGroup;
			children = (
				B58FABA628B9034B00E356B1 /* Main */,
			);
			path = Controllers;
			sourceTree = "<group>";
		};
		B5D7A5E328B775F9000504BE /* Views */ = {
			isa = PBXGroup;
			children = (
			);
			path = Views;
			sourceTree = "<group>";
		};
		B5D7A5E428B775FC000504BE /* Model */ = {
			isa = PBXGroup;
			children = (
				B5D7A5F028B784FD000504BE /* GameModel.swift */,
			);
			path = Model;
			sourceTree = "<group>";
		};
		B5D7A5E628B77631000504BE /* App */ = {
			isa = PBXGroup;
			children = (
				B5D7A5CE28B77445000504BE /* AppDelegate.swift */,
				B5D7A5D928B77446000504BE /* LaunchScreen.storyboard */,
				B5D7A5D028B77445000504BE /* SceneDelegate.swift */,
			);
			path = App;
			sourceTree = "<group>";
		};
		B5D7A5EB28B77FDE000504BE /* APIManager */ = {
			isa = PBXGroup;
			children = (
				B5D7A5EC28B77FFE000504BE /* APICaller.swift */,
				B5D7A5EE28B780AF000504BE /* APIConstants.swift */,
			);
			path = APIManager;
			sourceTree = "<group>";
		};
/* End PBXGroup section */

/* Begin PBXNativeTarget section */
		B5D7A5CA28B77445000504BE /* GameLibraryRAWG */ = {
			isa = PBXNativeTarget;
			buildConfigurationList = B5D7A5DF28B77446000504BE /* Build configuration list for PBXNativeTarget "GameLibraryRAWG" */;
			buildPhases = (
				B5D7A5C728B77445000504BE /* Sources */,
				B5D7A5C828B77445000504BE /* Frameworks */,
				B5D7A5C928B77445000504BE /* Resources */,
			);
			buildRules = (
			);
			dependencies = (
			);
			name = GameLibraryRAWG;
			productName = GameLibraryRAWG;
			productReference = B5D7A5CB28B77445000504BE /* GameLibraryRAWG.app */;
			productType = "com.apple.product-type.application";
		};
/* End PBXNativeTarget section */

/* Begin PBXProject section */
		B5D7A5C328B77445000504BE /* Project object */ = {
			isa = PBXProject;
			attributes = {
				BuildIndependentTargetsInParallel = 1;
				LastSwiftUpdateCheck = 1330;
				LastUpgradeCheck = 1330;
				TargetAttributes = {
					B5D7A5CA28B77445000504BE = {
						CreatedOnToolsVersion = 13.3;
					};
				};
			};
			buildConfigurationList = B5D7A5C628B77445000504BE /* Build configuration list for PBXProject "GameLibraryRAWG" */;
			compatibilityVersion = "Xcode 13.0";
			developmentRegion = en;
			hasScannedForEncodings = 0;
			knownRegions = (
				en,
				Base,
			);
			mainGroup = B5D7A5C228B77445000504BE;
			productRefGroup = B5D7A5CC28B77445000504BE /* Products */;
			projectDirPath = "";
			projectRoot = "";
			targets = (
				B5D7A5CA28B77445000504BE /* GameLibraryRAWG */,
			);
		};
/* End PBXProject section */

/* Begin PBXResourcesBuildPhase section */
		B5D7A5C928B77445000504BE /* Resources */ = {
			isa = PBXResourcesBuildPhase;
			buildActionMask = 2147483647;
			files = (
				B5D7A5DB28B77446000504BE /* LaunchScreen.storyboard in Resources */,
				B5D7A5D828B77446000504BE /* Assets.xcassets in Resources */,
			);
			runOnlyForDeploymentPostprocessing = 0;
		};
/* End PBXResourcesBuildPhase section */

/* Begin PBXSourcesBuildPhase section */
		B5D7A5C728B77445000504BE /* Sources */ = {
			isa = PBXSourcesBuildPhase;
			buildActionMask = 2147483647;
			files = (
				B5D7A5EA28B77E29000504BE /* SearchViewController.swift in Sources */,
				B5D7A5EF28B780AF000504BE /* APIConstants.swift in Sources */,
				B5D7A5ED28B77FFE000504BE /* APICaller.swift in Sources */,
				B5D7A5D328B77445000504BE /* MainTabBarController.swift in Sources */,
				B5D7A5CF28B77445000504BE /* AppDelegate.swift in Sources */,
				B5D7A5F128B784FD000504BE /* GameModel.swift in Sources */,
				B5D7A5D128B77445000504BE /* SceneDelegate.swift in Sources */,
				B5D7A5E828B77CA2000504BE /* HomeViewController.swift in Sources */,
			);
			runOnlyForDeploymentPostprocessing = 0;
		};
/* End PBXSourcesBuildPhase section */

/* Begin PBXVariantGroup section */
		B5D7A5D928B77446000504BE /* LaunchScreen.storyboard */ = {
			isa = PBXVariantGroup;
			children = (
				B5D7A5DA28B77446000504BE /* Base */,
			);
			name = LaunchScreen.storyboard;
			sourceTree = "<group>";
		};
/* End PBXVariantGroup section */

/* Begin XCBuildConfiguration section */
		B5D7A5DD28B77446000504BE /* Debug */ = {
			isa = XCBuildConfiguration;
			buildSettings = {
				ALWAYS_SEARCH_USER_PATHS = NO;
				CLANG_ANALYZER_NONNULL = YES;
				CLANG_ANALYZER_NUMBER_OBJECT_CONVERSION = YES_AGGRESSIVE;
				CLANG_CXX_LANGUAGE_STANDARD = "gnu++17";
				CLANG_ENABLE_MODULES = YES;
				CLANG_ENABLE_OBJC_ARC = YES;
				CLANG_ENABLE_OBJC_WEAK = YES;
				CLANG_WARN_BLOCK_CAPTURE_AUTORELEASING = YES;
				CLANG_WARN_BOOL_CONVERSION = YES;
				CLANG_WARN_COMMA = YES;
				CLANG_WARN_CONSTANT_CONVERSION = YES;
				CLANG_WARN_DEPRECATED_OBJC_IMPLEMENTATIONS = YES;
				CLANG_WARN_DIRECT_OBJC_ISA_USAGE = YES_ERROR;
				CLANG_WARN_DOCUMENTATION_COMMENTS = YES;
				CLANG_WARN_EMPTY_BODY = YES;
				CLANG_WARN_ENUM_CONVERSION = YES;
				CLANG_WARN_INFINITE_RECURSION = YES;
				CLANG_WARN_INT_CONVERSION = YES;
				CLANG_WARN_NON_LITERAL_NULL_CONVERSION = YES;
				CLANG_WARN_OBJC_IMPLICIT_RETAIN_SELF = YES;
				CLANG_WARN_OBJC_LITERAL_CONVERSION = YES;
				CLANG_WARN_OBJC_ROOT_CLASS = YES_ERROR;
				CLANG_WARN_QUOTED_INCLUDE_IN_FRAMEWORK_HEADER = YES;
				CLANG_WARN_RANGE_LOOP_ANALYSIS = YES;
				CLANG_WARN_STRICT_PROTOTYPES = YES;
				CLANG_WARN_SUSPICIOUS_MOVE = YES;
				CLANG_WARN_UNGUARDED_AVAILABILITY = YES_AGGRESSIVE;
				CLANG_WARN_UNREACHABLE_CODE = YES;
				CLANG_WARN__DUPLICATE_METHOD_MATCH = YES;
				COPY_PHASE_STRIP = NO;
				DEBUG_INFORMATION_FORMAT = dwarf;
				ENABLE_STRICT_OBJC_MSGSEND = YES;
				ENABLE_TESTABILITY = YES;
				GCC_C_LANGUAGE_STANDARD = gnu11;
				GCC_DYNAMIC_NO_PIC = NO;
				GCC_NO_COMMON_BLOCKS = YES;
				GCC_OPTIMIZATION_LEVEL = 0;
				GCC_PREPROCESSOR_DEFINITIONS = (
					"DEBUG=1",
					"$(inherited)",
				);
				GCC_WARN_64_TO_32_BIT_CONVERSION = YES;
				GCC_WARN_ABOUT_RETURN_TYPE = YES_ERROR;
				GCC_WARN_UNDECLARED_SELECTOR = YES;
				GCC_WARN_UNINITIALIZED_AUTOS = YES_AGGRESSIVE;
				GCC_WARN_UNUSED_FUNCTION = YES;
				GCC_WARN_UNUSED_VARIABLE = YES;
				IPHONEOS_DEPLOYMENT_TARGET = 15.4;
				MTL_ENABLE_DEBUG_INFO = INCLUDE_SOURCE;
				MTL_FAST_MATH = YES;
				ONLY_ACTIVE_ARCH = YES;
				SDKROOT = iphoneos;
				SWIFT_ACTIVE_COMPILATION_CONDITIONS = DEBUG;
				SWIFT_OPTIMIZATION_LEVEL = "-Onone";
			};
			name = Debug;
		};
		B5D7A5DE28B77446000504BE /* Release */ = {
			isa = XCBuildConfiguration;
			buildSettings = {
				ALWAYS_SEARCH_USER_PATHS = NO;
				CLANG_ANALYZER_NONNULL = YES;
				CLANG_ANALYZER_NUMBER_OBJECT_CONVERSION = YES_AGGRESSIVE;
				CLANG_CXX_LANGUAGE_STANDARD = "gnu++17";
				CLANG_ENABLE_MODULES = YES;
				CLANG_ENABLE_OBJC_ARC = YES;
				CLANG_ENABLE_OBJC_WEAK = YES;
				CLANG_WARN_BLOCK_CAPTURE_AUTORELEASING = YES;
				CLANG_WARN_BOOL_CONVERSION = YES;
				CLANG_WARN_COMMA = YES;
				CLANG_WARN_CONSTANT_CONVERSION = YES;
				CLANG_WARN_DEPRECATED_OBJC_IMPLEMENTATIONS = YES;
				CLANG_WARN_DIRECT_OBJC_ISA_USAGE = YES_ERROR;
				CLANG_WARN_DOCUMENTATION_COMMENTS = YES;
				CLANG_WARN_EMPTY_BODY = YES;
				CLANG_WARN_ENUM_CONVERSION = YES;
				CLANG_WARN_INFINITE_RECURSION = YES;
				CLANG_WARN_INT_CONVERSION = YES;
				CLANG_WARN_NON_LITERAL_NULL_CONVERSION = YES;
				CLANG_WARN_OBJC_IMPLICIT_RETAIN_SELF = YES;
				CLANG_WARN_OBJC_LITERAL_CONVERSION = YES;
				CLANG_WARN_OBJC_ROOT_CLASS = YES_ERROR;
				CLANG_WARN_QUOTED_INCLUDE_IN_FRAMEWORK_HEADER = YES;
				CLANG_WARN_RANGE_LOOP_ANALYSIS = YES;
				CLANG_WARN_STRICT_PROTOTYPES = YES;
				CLANG_WARN_SUSPICIOUS_MOVE = YES;
				CLANG_WARN_UNGUARDED_AVAILABILITY = YES_AGGRESSIVE;
				CLANG_WARN_UNREACHABLE_CODE = YES;
				CLANG_WARN__DUPLICATE_METHOD_MATCH = YES;
				COPY_PHASE_STRIP = NO;
				DEBUG_INFORMATION_FORMAT = "dwarf-with-dsym";
				ENABLE_NS_ASSERTIONS = NO;
				ENABLE_STRICT_OBJC_MSGSEND = YES;
				GCC_C_LANGUAGE_STANDARD = gnu11;
				GCC_NO_COMMON_BLOCKS = YES;
				GCC_WARN_64_TO_32_BIT_CONVERSION = YES;
				GCC_WARN_ABOUT_RETURN_TYPE = YES_ERROR;
				GCC_WARN_UNDECLARED_SELECTOR = YES;
				GCC_WARN_UNINITIALIZED_AUTOS = YES_AGGRESSIVE;
				GCC_WARN_UNUSED_FUNCTION = YES;
				GCC_WARN_UNUSED_VARIABLE = YES;
				IPHONEOS_DEPLOYMENT_TARGET = 15.4;
				MTL_ENABLE_DEBUG_INFO = NO;
				MTL_FAST_MATH = YES;
				SDKROOT = iphoneos;
				SWIFT_COMPILATION_MODE = wholemodule;
				SWIFT_OPTIMIZATION_LEVEL = "-O";
				VALIDATE_PRODUCT = YES;
			};
			name = Release;
		};
		B5D7A5E028B77446000504BE /* Debug */ = {
			isa = XCBuildConfiguration;
			buildSettings = {
				ASSETCATALOG_COMPILER_APPICON_NAME = AppIcon;
				ASSETCATALOG_COMPILER_GLOBAL_ACCENT_COLOR_NAME = AccentColor;
				CODE_SIGN_STYLE = Automatic;
				CURRENT_PROJECT_VERSION = 1;
				DEVELOPMENT_TEAM = V352R4M2J4;
				GENERATE_INFOPLIST_FILE = YES;
				INFOPLIST_FILE = GameLibraryRAWG/Info.plist;
				INFOPLIST_KEY_UIApplicationSupportsIndirectInputEvents = YES;
				INFOPLIST_KEY_UILaunchStoryboardName = LaunchScreen;
				INFOPLIST_KEY_UISupportedInterfaceOrientations_iPad = "UIInterfaceOrientationPortrait UIInterfaceOrientationPortraitUpsideDown UIInterfaceOrientationLandscapeLeft UIInterfaceOrientationLandscapeRight";
				INFOPLIST_KEY_UISupportedInterfaceOrientations_iPhone = "UIInterfaceOrientationPortrait UIInterfaceOrientationLandscapeLeft UIInterfaceOrientationLandscapeRight";
				LD_RUNPATH_SEARCH_PATHS = (
					"$(inherited)",
					"@executable_path/Frameworks",
				);
				MARKETING_VERSION = 1.0;
				PRODUCT_BUNDLE_IDENTIFIER = pavel.GameLibraryRAWG;
				PRODUCT_NAME = "$(TARGET_NAME)";
				SWIFT_EMIT_LOC_STRINGS = YES;
				SWIFT_VERSION = 5.0;
				TARGETED_DEVICE_FAMILY = "1,2";
			};
			name = Debug;
		};
		B5D7A5E128B77446000504BE /* Release */ = {
			isa = XCBuildConfiguration;
			buildSettings = {
				ASSETCATALOG_COMPILER_APPICON_NAME = AppIcon;
				ASSETCATALOG_COMPILER_GLOBAL_ACCENT_COLOR_NAME = AccentColor;
				CODE_SIGN_STYLE = Automatic;
				CURRENT_PROJECT_VERSION = 1;
				DEVELOPMENT_TEAM = V352R4M2J4;
				GENERATE_INFOPLIST_FILE = YES;
				INFOPLIST_FILE = GameLibraryRAWG/Info.plist;
				INFOPLIST_KEY_UIApplicationSupportsIndirectInputEvents = YES;
				INFOPLIST_KEY_UILaunchStoryboardName = LaunchScreen;
				INFOPLIST_KEY_UISupportedInterfaceOrientations_iPad = "UIInterfaceOrientationPortrait UIInterfaceOrientationPortraitUpsideDown UIInterfaceOrientationLandscapeLeft UIInterfaceOrientationLandscapeRight";
				INFOPLIST_KEY_UISupportedInterfaceOrientations_iPhone = "UIInterfaceOrientationPortrait UIInterfaceOrientationLandscapeLeft UIInterfaceOrientationLandscapeRight";
				LD_RUNPATH_SEARCH_PATHS = (
					"$(inherited)",
					"@executable_path/Frameworks",
				);
				MARKETING_VERSION = 1.0;
				PRODUCT_BUNDLE_IDENTIFIER = pavel.GameLibraryRAWG;
				PRODUCT_NAME = "$(TARGET_NAME)";
				SWIFT_EMIT_LOC_STRINGS = YES;
				SWIFT_VERSION = 5.0;
				TARGETED_DEVICE_FAMILY = "1,2";
			};
			name = Release;
		};
/* End XCBuildConfiguration section */

/* Begin XCConfigurationList section */
		B5D7A5C628B77445000504BE /* Build configuration list for PBXProject "GameLibraryRAWG" */ = {
			isa = XCConfigurationList;
			buildConfigurations = (
				B5D7A5DD28B77446000504BE /* Debug */,
				B5D7A5DE28B77446000504BE /* Release */,
			);
			defaultConfigurationIsVisible = 0;
			defaultConfigurationName = Release;
		};
		B5D7A5DF28B77446000504BE /* Build configuration list for PBXNativeTarget "GameLibraryRAWG" */ = {
			isa = XCConfigurationList;
			buildConfigurations = (
				B5D7A5E028B77446000504BE /* Debug */,
				B5D7A5E128B77446000504BE /* Release */,
			);
			defaultConfigurationIsVisible = 0;
			defaultConfigurationName = Release;
		};
/* End XCConfigurationList section */
	};
	rootObject = B5D7A5C328B77445000504BE /* Project object */;
}
