// !$*UTF8*$!
{
	archiveVersion = 1;
	classes = {
	};
	objectVersion = 55;
	objects = {

/* Begin PBXBuildFile section */
		B52C4EA528CE346B005C5D6C /* ProfileCollectionReusableView.swift in Sources */ = {isa = PBXBuildFile; fileRef = B52C4EA428CE346B005C5D6C /* ProfileCollectionReusableView.swift */; };
		B52C4EA728CF2C55005C5D6C /* FirebaseErrors.swift in Sources */ = {isa = PBXBuildFile; fileRef = B52C4EA628CF2C55005C5D6C /* FirebaseErrors.swift */; };
		B52C4EA928CF3EF4005C5D6C /* SearchGameTableViewCell.swift in Sources */ = {isa = PBXBuildFile; fileRef = B52C4EA828CF3EF4005C5D6C /* SearchGameTableViewCell.swift */; };
		B52C4EB228CF5E02005C5D6C /* Alerts.swift in Sources */ = {isa = PBXBuildFile; fileRef = B52C4EB128CF5E02005C5D6C /* Alerts.swift */; };
		B52EE29328C22E5E00EB54E8 /* StoresEnum.swift in Sources */ = {isa = PBXBuildFile; fileRef = B52EE29228C22E5E00EB54E8 /* StoresEnum.swift */; };
		B533891F28CA30CD002F405D /* GoogleService-Info.plist in Resources */ = {isa = PBXBuildFile; fileRef = B533891E28CA30CD002F405D /* GoogleService-Info.plist */; };
		B533892228CA3278002F405D /* FirebaseAuth in Frameworks */ = {isa = PBXBuildFile; productRef = B533892128CA3278002F405D /* FirebaseAuth */; };
		B533892428CA3278002F405D /* FirebaseDatabaseSwift in Frameworks */ = {isa = PBXBuildFile; productRef = B533892328CA3278002F405D /* FirebaseDatabaseSwift */; };
		B533892628CA3278002F405D /* FirebaseFirestore in Frameworks */ = {isa = PBXBuildFile; productRef = B533892528CA3278002F405D /* FirebaseFirestore */; };
		B533892828CA3278002F405D /* FirebaseFirestoreSwift in Frameworks */ = {isa = PBXBuildFile; productRef = B533892728CA3278002F405D /* FirebaseFirestoreSwift */; };
		B533892A28CA3278002F405D /* FirebaseFunctions in Frameworks */ = {isa = PBXBuildFile; productRef = B533892928CA3278002F405D /* FirebaseFunctions */; };
		B533892C28CA3278002F405D /* FirebaseInstallations in Frameworks */ = {isa = PBXBuildFile; productRef = B533892B28CA3278002F405D /* FirebaseInstallations */; };
		B533892E28CA3278002F405D /* FirebaseRemoteConfigSwift in Frameworks */ = {isa = PBXBuildFile; productRef = B533892D28CA3278002F405D /* FirebaseRemoteConfigSwift */; };
		B533893028CA3278002F405D /* FirebaseStorage in Frameworks */ = {isa = PBXBuildFile; productRef = B533892F28CA3278002F405D /* FirebaseStorage */; };
		B533893228CB6FD5002F405D /* ProfileRegisterNewUserViewController.swift in Sources */ = {isa = PBXBuildFile; fileRef = B533893128CB6FD5002F405D /* ProfileRegisterNewUserViewController.swift */; };
		B533893428CB9237002F405D /* ProfileMainViewController.swift in Sources */ = {isa = PBXBuildFile; fileRef = B533893328CB9237002F405D /* ProfileMainViewController.swift */; };
		B559E09528BA49B800B26A0B /* GameCollectionViewCell.swift in Sources */ = {isa = PBXBuildFile; fileRef = B559E09428BA49B800B26A0B /* GameCollectionViewCell.swift */; };
		B559E09B28BA5C0A00B26A0B /* SDWebImage in Frameworks */ = {isa = PBXBuildFile; productRef = B559E09A28BA5C0A00B26A0B /* SDWebImage */; };
		B559E09D28BB72ED00B26A0B /* HeaderCollectionReusableView.swift in Sources */ = {isa = PBXBuildFile; fileRef = B559E09C28BB72ED00B26A0B /* HeaderCollectionReusableView.swift */; };
		B55BDC6228C7952900EC7DC1 /* GameTrailer.swift in Sources */ = {isa = PBXBuildFile; fileRef = B55BDC6128C7952900EC7DC1 /* GameTrailer.swift */; };
		B55BDC6428C79CF600EC7DC1 /* GameTrailerCollectionViewCell.swift in Sources */ = {isa = PBXBuildFile; fileRef = B55BDC6328C79CF600EC7DC1 /* GameTrailerCollectionViewCell.swift */; };
		B56FA06C28D4C7B30074F393 /* GetCurrentUIWindow.swift in Sources */ = {isa = PBXBuildFile; fileRef = B56FA06B28D4C7B30074F393 /* GetCurrentUIWindow.swift */; };
		B56FA06E28D6263B0074F393 /* StoresCheck.swift in Sources */ = {isa = PBXBuildFile; fileRef = B56FA06D28D6263B0074F393 /* StoresCheck.swift */; };
		B56FA07028D771B70074F393 /* FirebaseResults.swift in Sources */ = {isa = PBXBuildFile; fileRef = B56FA06F28D771B70074F393 /* FirebaseResults.swift */; };
		B578779828C9FEBB00D2B777 /* ProfileAuthorizationViewController.swift in Sources */ = {isa = PBXBuildFile; fileRef = B578779728C9FEBB00D2B777 /* ProfileAuthorizationViewController.swift */; };
		B591DD0C28C3914200548335 /* GameStoreCollectionViewCell.swift in Sources */ = {isa = PBXBuildFile; fileRef = B591DD0B28C3914200548335 /* GameStoreCollectionViewCell.swift */; };
		B591DD0E28C3A45C00548335 /* DynamicCollectionView.swift in Sources */ = {isa = PBXBuildFile; fileRef = B591DD0D28C3A45C00548335 /* DynamicCollectionView.swift */; };
		B591DD1128C47E3400548335 /* ActivityIndicator.swift in Sources */ = {isa = PBXBuildFile; fileRef = B591DD1028C47E3400548335 /* ActivityIndicator.swift */; };
		B591DD1428C4B10D00548335 /* ScreenshotPreviewViewController.swift in Sources */ = {isa = PBXBuildFile; fileRef = B591DD1328C4B10D00548335 /* ScreenshotPreviewViewController.swift */; };
		B592833F28CF715E00E322E6 /* Protocols.swift in Sources */ = {isa = PBXBuildFile; fileRef = B592833E28CF715E00E322E6 /* Protocols.swift */; };
		B592834128D0BB5200E322E6 /* EmptyMessageForFavouriteCollection.swift in Sources */ = {isa = PBXBuildFile; fileRef = B592834028D0BB5200E322E6 /* EmptyMessageForFavouriteCollection.swift */; };
		B592834328D0BF7E00E322E6 /* ProfileSettingsViewController.swift in Sources */ = {isa = PBXBuildFile; fileRef = B592834228D0BF7E00E322E6 /* ProfileSettingsViewController.swift */; };
		B59D107F28C10F3F0077DFAD /* GameStoreModel.swift in Sources */ = {isa = PBXBuildFile; fileRef = B59D107E28C10F3F0077DFAD /* GameStoreModel.swift */; };
		B5A8052B28D20C2000D413CA /* ProfileSettingIconButton.swift in Sources */ = {isa = PBXBuildFile; fileRef = B5A8052A28D20C2000D413CA /* ProfileSettingIconButton.swift */; };
		B5A8052D28D23ACD00D413CA /* GameFavouritesProfileViewModel.swift in Sources */ = {isa = PBXBuildFile; fileRef = B5A8052C28D23ACD00D413CA /* GameFavouritesProfileViewModel.swift */; };
		B5A8053228D4A62100D413CA /* ThemesUserDefaults.swift in Sources */ = {isa = PBXBuildFile; fileRef = B5A8053128D4A62100D413CA /* ThemesUserDefaults.swift */; };
		B5BD12E428BDFF5A00BACD4D /* GameFutureView.swift in Sources */ = {isa = PBXBuildFile; fileRef = B5BD12E328BDFF5A00BACD4D /* GameFutureView.swift */; };
		B5C89E1728BCF9E300B5F0DA /* GameDetailModel.swift in Sources */ = {isa = PBXBuildFile; fileRef = B5C89E1628BCF9E300B5F0DA /* GameDetailModel.swift */; };
		B5C89E1928BCFBED00B5F0DA /* GameDetailViewController.swift in Sources */ = {isa = PBXBuildFile; fileRef = B5C89E1828BCFBED00B5F0DA /* GameDetailViewController.swift */; };
		B5D050C628BF8A65008DF07C /* SliderCollectionViewCell.swift in Sources */ = {isa = PBXBuildFile; fileRef = B5D050C528BF8A65008DF07C /* SliderCollectionViewCell.swift */; };
		B5D050C828BF8BB6008DF07C /* GameScreenshotModel.swift in Sources */ = {isa = PBXBuildFile; fileRef = B5D050C728BF8BB6008DF07C /* GameScreenshotModel.swift */; };
		B5D050CA28BFA9DF008DF07C /* APIEndpoints.swift in Sources */ = {isa = PBXBuildFile; fileRef = B5D050C928BFA9DE008DF07C /* APIEndpoints.swift */; };
		B5D7A5CF28B77445000504BE /* AppDelegate.swift in Sources */ = {isa = PBXBuildFile; fileRef = B5D7A5CE28B77445000504BE /* AppDelegate.swift */; };
		B5D7A5D128B77445000504BE /* SceneDelegate.swift in Sources */ = {isa = PBXBuildFile; fileRef = B5D7A5D028B77445000504BE /* SceneDelegate.swift */; };
		B5D7A5D328B77445000504BE /* MainTabBarController.swift in Sources */ = {isa = PBXBuildFile; fileRef = B5D7A5D228B77445000504BE /* MainTabBarController.swift */; };
		B5D7A5D828B77446000504BE /* Assets.xcassets in Resources */ = {isa = PBXBuildFile; fileRef = B5D7A5D728B77446000504BE /* Assets.xcassets */; };
		B5D7A5DB28B77446000504BE /* LaunchScreen.storyboard in Resources */ = {isa = PBXBuildFile; fileRef = B5D7A5D928B77446000504BE /* LaunchScreen.storyboard */; };
		B5D7A5E828B77CA2000504BE /* HomeViewController.swift in Sources */ = {isa = PBXBuildFile; fileRef = B5D7A5E728B77CA2000504BE /* HomeViewController.swift */; };
		B5D7A5EA28B77E29000504BE /* SearchViewController.swift in Sources */ = {isa = PBXBuildFile; fileRef = B5D7A5E928B77E29000504BE /* SearchViewController.swift */; };
		B5D7A5ED28B77FFE000504BE /* APICaller.swift in Sources */ = {isa = PBXBuildFile; fileRef = B5D7A5EC28B77FFE000504BE /* APICaller.swift */; };
		B5D7A5EF28B780AF000504BE /* APIConstants.swift in Sources */ = {isa = PBXBuildFile; fileRef = B5D7A5EE28B780AF000504BE /* APIConstants.swift */; };
		B5D7A5F128B784FD000504BE /* GameModel.swift in Sources */ = {isa = PBXBuildFile; fileRef = B5D7A5F028B784FD000504BE /* GameModel.swift */; };
		B5D7AC9F28BE074E00859B03 /* GameFeaturesViewModel.swift in Sources */ = {isa = PBXBuildFile; fileRef = B5D7AC9E28BE074E00859B03 /* GameFeaturesViewModel.swift */; };
		B5E3A61828CCEF0E00A48CFD /* FirebaseManager.swift in Sources */ = {isa = PBXBuildFile; fileRef = B5E3A61728CCEF0E00A48CFD /* FirebaseManager.swift */; };
		B5E3A61A28CDFAFF00A48CFD /* CompositionalLayoutSections.swift in Sources */ = {isa = PBXBuildFile; fileRef = B5E3A61928CDFAFF00A48CFD /* CompositionalLayoutSections.swift */; };
		B5E3A61C28CDFBAC00A48CFD /* ProfileInputTextField.swift in Sources */ = {isa = PBXBuildFile; fileRef = B5E3A61B28CDFBAC00A48CFD /* ProfileInputTextField.swift */; };
		B5E3A62028CDFECA00A48CFD /* ProfileActionButton.swift in Sources */ = {isa = PBXBuildFile; fileRef = B5E3A61F28CDFECA00A48CFD /* ProfileActionButton.swift */; };
		B5E3A62228CE047C00A48CFD /* ConstraintPriority.swift in Sources */ = {isa = PBXBuildFile; fileRef = B5E3A62128CE047C00A48CFD /* ConstraintPriority.swift */; };
		B5FE7EA828C245E3008B15B8 /* StoreWebViewViewController.swift in Sources */ = {isa = PBXBuildFile; fileRef = B5FE7EA728C245E3008B15B8 /* StoreWebViewViewController.swift */; };
/* End PBXBuildFile section */

/* Begin PBXFileReference section */
		B52C4EA428CE346B005C5D6C /* ProfileCollectionReusableView.swift */ = {isa = PBXFileReference; lastKnownFileType = sourcecode.swift; path = ProfileCollectionReusableView.swift; sourceTree = "<group>"; };
		B52C4EA628CF2C55005C5D6C /* FirebaseErrors.swift */ = {isa = PBXFileReference; lastKnownFileType = sourcecode.swift; path = FirebaseErrors.swift; sourceTree = "<group>"; };
		B52C4EA828CF3EF4005C5D6C /* SearchGameTableViewCell.swift */ = {isa = PBXFileReference; lastKnownFileType = sourcecode.swift; path = SearchGameTableViewCell.swift; sourceTree = "<group>"; };
		B52C4EB128CF5E02005C5D6C /* Alerts.swift */ = {isa = PBXFileReference; lastKnownFileType = sourcecode.swift; path = Alerts.swift; sourceTree = "<group>"; };
		B52EE29228C22E5E00EB54E8 /* StoresEnum.swift */ = {isa = PBXFileReference; lastKnownFileType = sourcecode.swift; path = StoresEnum.swift; sourceTree = "<group>"; };
		B533891E28CA30CD002F405D /* GoogleService-Info.plist */ = {isa = PBXFileReference; fileEncoding = 4; lastKnownFileType = text.plist.xml; path = "GoogleService-Info.plist"; sourceTree = "<group>"; };
		B533893128CB6FD5002F405D /* ProfileRegisterNewUserViewController.swift */ = {isa = PBXFileReference; lastKnownFileType = sourcecode.swift; path = ProfileRegisterNewUserViewController.swift; sourceTree = "<group>"; };
		B533893328CB9237002F405D /* ProfileMainViewController.swift */ = {isa = PBXFileReference; lastKnownFileType = sourcecode.swift; path = ProfileMainViewController.swift; sourceTree = "<group>"; };
		B559E09428BA49B800B26A0B /* GameCollectionViewCell.swift */ = {isa = PBXFileReference; lastKnownFileType = sourcecode.swift; path = GameCollectionViewCell.swift; sourceTree = "<group>"; };
		B559E09C28BB72ED00B26A0B /* HeaderCollectionReusableView.swift */ = {isa = PBXFileReference; lastKnownFileType = sourcecode.swift; path = HeaderCollectionReusableView.swift; sourceTree = "<group>"; };
		B55BDC6128C7952900EC7DC1 /* GameTrailer.swift */ = {isa = PBXFileReference; lastKnownFileType = sourcecode.swift; path = GameTrailer.swift; sourceTree = "<group>"; };
		B55BDC6328C79CF600EC7DC1 /* GameTrailerCollectionViewCell.swift */ = {isa = PBXFileReference; lastKnownFileType = sourcecode.swift; path = GameTrailerCollectionViewCell.swift; sourceTree = "<group>"; };
		B56FA06B28D4C7B30074F393 /* GetCurrentUIWindow.swift */ = {isa = PBXFileReference; lastKnownFileType = sourcecode.swift; path = GetCurrentUIWindow.swift; sourceTree = "<group>"; };
		B56FA06D28D6263B0074F393 /* StoresCheck.swift */ = {isa = PBXFileReference; lastKnownFileType = sourcecode.swift; path = StoresCheck.swift; sourceTree = "<group>"; };
		B56FA06F28D771B70074F393 /* FirebaseResults.swift */ = {isa = PBXFileReference; lastKnownFileType = sourcecode.swift; path = FirebaseResults.swift; sourceTree = "<group>"; };
		B578779728C9FEBB00D2B777 /* ProfileAuthorizationViewController.swift */ = {isa = PBXFileReference; lastKnownFileType = sourcecode.swift; path = ProfileAuthorizationViewController.swift; sourceTree = "<group>"; };
		B591DD0B28C3914200548335 /* GameStoreCollectionViewCell.swift */ = {isa = PBXFileReference; lastKnownFileType = sourcecode.swift; path = GameStoreCollectionViewCell.swift; sourceTree = "<group>"; };
		B591DD0D28C3A45C00548335 /* DynamicCollectionView.swift */ = {isa = PBXFileReference; lastKnownFileType = sourcecode.swift; path = DynamicCollectionView.swift; sourceTree = "<group>"; };
		B591DD1028C47E3400548335 /* ActivityIndicator.swift */ = {isa = PBXFileReference; lastKnownFileType = sourcecode.swift; path = ActivityIndicator.swift; sourceTree = "<group>"; };
		B591DD1328C4B10D00548335 /* ScreenshotPreviewViewController.swift */ = {isa = PBXFileReference; lastKnownFileType = sourcecode.swift; path = ScreenshotPreviewViewController.swift; sourceTree = "<group>"; };
		B592833E28CF715E00E322E6 /* Protocols.swift */ = {isa = PBXFileReference; lastKnownFileType = sourcecode.swift; path = Protocols.swift; sourceTree = "<group>"; };
		B592834028D0BB5200E322E6 /* EmptyMessageForFavouriteCollection.swift */ = {isa = PBXFileReference; lastKnownFileType = sourcecode.swift; path = EmptyMessageForFavouriteCollection.swift; sourceTree = "<group>"; };
		B592834228D0BF7E00E322E6 /* ProfileSettingsViewController.swift */ = {isa = PBXFileReference; lastKnownFileType = sourcecode.swift; path = ProfileSettingsViewController.swift; sourceTree = "<group>"; };
		B59D107E28C10F3F0077DFAD /* GameStoreModel.swift */ = {isa = PBXFileReference; lastKnownFileType = sourcecode.swift; path = GameStoreModel.swift; sourceTree = "<group>"; };
		B5A8052A28D20C2000D413CA /* ProfileSettingIconButton.swift */ = {isa = PBXFileReference; lastKnownFileType = sourcecode.swift; path = ProfileSettingIconButton.swift; sourceTree = "<group>"; };
		B5A8052C28D23ACD00D413CA /* GameFavouritesProfileViewModel.swift */ = {isa = PBXFileReference; lastKnownFileType = sourcecode.swift; path = GameFavouritesProfileViewModel.swift; sourceTree = "<group>"; };
		B5A8053128D4A62100D413CA /* ThemesUserDefaults.swift */ = {isa = PBXFileReference; lastKnownFileType = sourcecode.swift; path = ThemesUserDefaults.swift; sourceTree = "<group>"; };
		B5BD12E328BDFF5A00BACD4D /* GameFutureView.swift */ = {isa = PBXFileReference; lastKnownFileType = sourcecode.swift; path = GameFutureView.swift; sourceTree = "<group>"; };
		B5C89E1628BCF9E300B5F0DA /* GameDetailModel.swift */ = {isa = PBXFileReference; lastKnownFileType = sourcecode.swift; path = GameDetailModel.swift; sourceTree = "<group>"; };
		B5C89E1828BCFBED00B5F0DA /* GameDetailViewController.swift */ = {isa = PBXFileReference; lastKnownFileType = sourcecode.swift; path = GameDetailViewController.swift; sourceTree = "<group>"; };
		B5D050C528BF8A65008DF07C /* SliderCollectionViewCell.swift */ = {isa = PBXFileReference; lastKnownFileType = sourcecode.swift; path = SliderCollectionViewCell.swift; sourceTree = "<group>"; };
		B5D050C728BF8BB6008DF07C /* GameScreenshotModel.swift */ = {isa = PBXFileReference; lastKnownFileType = sourcecode.swift; path = GameScreenshotModel.swift; sourceTree = "<group>"; };
		B5D050C928BFA9DE008DF07C /* APIEndpoints.swift */ = {isa = PBXFileReference; lastKnownFileType = sourcecode.swift; path = APIEndpoints.swift; sourceTree = "<group>"; };
		B5D7A5CB28B77445000504BE /* GameLibraryRAWG.app */ = {isa = PBXFileReference; explicitFileType = wrapper.application; includeInIndex = 0; path = GameLibraryRAWG.app; sourceTree = BUILT_PRODUCTS_DIR; };
		B5D7A5CE28B77445000504BE /* AppDelegate.swift */ = {isa = PBXFileReference; lastKnownFileType = sourcecode.swift; path = AppDelegate.swift; sourceTree = "<group>"; };
		B5D7A5D028B77445000504BE /* SceneDelegate.swift */ = {isa = PBXFileReference; lastKnownFileType = sourcecode.swift; path = SceneDelegate.swift; sourceTree = "<group>"; };
		B5D7A5D228B77445000504BE /* MainTabBarController.swift */ = {isa = PBXFileReference; lastKnownFileType = sourcecode.swift; path = MainTabBarController.swift; sourceTree = "<group>"; };
		B5D7A5D728B77446000504BE /* Assets.xcassets */ = {isa = PBXFileReference; lastKnownFileType = folder.assetcatalog; path = Assets.xcassets; sourceTree = "<group>"; };
		B5D7A5DA28B77446000504BE /* Base */ = {isa = PBXFileReference; lastKnownFileType = file.storyboard; name = Base; path = Base.lproj/LaunchScreen.storyboard; sourceTree = "<group>"; };
		B5D7A5DC28B77446000504BE /* Info.plist */ = {isa = PBXFileReference; lastKnownFileType = text.plist.xml; path = Info.plist; sourceTree = "<group>"; };
		B5D7A5E728B77CA2000504BE /* HomeViewController.swift */ = {isa = PBXFileReference; lastKnownFileType = sourcecode.swift; path = HomeViewController.swift; sourceTree = "<group>"; };
		B5D7A5E928B77E29000504BE /* SearchViewController.swift */ = {isa = PBXFileReference; lastKnownFileType = sourcecode.swift; path = SearchViewController.swift; sourceTree = "<group>"; };
		B5D7A5EC28B77FFE000504BE /* APICaller.swift */ = {isa = PBXFileReference; lastKnownFileType = sourcecode.swift; path = APICaller.swift; sourceTree = "<group>"; };
		B5D7A5EE28B780AF000504BE /* APIConstants.swift */ = {isa = PBXFileReference; lastKnownFileType = sourcecode.swift; path = APIConstants.swift; sourceTree = "<group>"; };
		B5D7A5F028B784FD000504BE /* GameModel.swift */ = {isa = PBXFileReference; lastKnownFileType = sourcecode.swift; path = GameModel.swift; sourceTree = "<group>"; };
		B5D7AC9E28BE074E00859B03 /* GameFeaturesViewModel.swift */ = {isa = PBXFileReference; lastKnownFileType = sourcecode.swift; path = GameFeaturesViewModel.swift; sourceTree = "<group>"; };
		B5E3A61728CCEF0E00A48CFD /* FirebaseManager.swift */ = {isa = PBXFileReference; lastKnownFileType = sourcecode.swift; path = FirebaseManager.swift; sourceTree = "<group>"; };
		B5E3A61928CDFAFF00A48CFD /* CompositionalLayoutSections.swift */ = {isa = PBXFileReference; lastKnownFileType = sourcecode.swift; path = CompositionalLayoutSections.swift; sourceTree = "<group>"; };
		B5E3A61B28CDFBAC00A48CFD /* ProfileInputTextField.swift */ = {isa = PBXFileReference; lastKnownFileType = sourcecode.swift; path = ProfileInputTextField.swift; sourceTree = "<group>"; };
		B5E3A61F28CDFECA00A48CFD /* ProfileActionButton.swift */ = {isa = PBXFileReference; lastKnownFileType = sourcecode.swift; path = ProfileActionButton.swift; sourceTree = "<group>"; };
		B5E3A62128CE047C00A48CFD /* ConstraintPriority.swift */ = {isa = PBXFileReference; lastKnownFileType = sourcecode.swift; path = ConstraintPriority.swift; sourceTree = "<group>"; };
		B5FE7EA728C245E3008B15B8 /* StoreWebViewViewController.swift */ = {isa = PBXFileReference; lastKnownFileType = sourcecode.swift; path = StoreWebViewViewController.swift; sourceTree = "<group>"; };
/* End PBXFileReference section */

/* Begin PBXFrameworksBuildPhase section */
		B5D7A5C828B77445000504BE /* Frameworks */ = {
			isa = PBXFrameworksBuildPhase;
			buildActionMask = 2147483647;
			files = (
				B533892828CA3278002F405D /* FirebaseFirestoreSwift in Frameworks */,
				B533892E28CA3278002F405D /* FirebaseRemoteConfigSwift in Frameworks */,
				B533893028CA3278002F405D /* FirebaseStorage in Frameworks */,
				B533892C28CA3278002F405D /* FirebaseInstallations in Frameworks */,
				B533892428CA3278002F405D /* FirebaseDatabaseSwift in Frameworks */,
				B533892628CA3278002F405D /* FirebaseFirestore in Frameworks */,
				B533892A28CA3278002F405D /* FirebaseFunctions in Frameworks */,
				B559E09B28BA5C0A00B26A0B /* SDWebImage in Frameworks */,
				B533892228CA3278002F405D /* FirebaseAuth in Frameworks */,
			);
			runOnlyForDeploymentPostprocessing = 0;
		};
/* End PBXFrameworksBuildPhase section */

/* Begin PBXGroup section */
		B52C4EB328CF711A005C5D6C /* Protocols */ = {
			isa = PBXGroup;
			children = (
				B592833E28CF715E00E322E6 /* Protocols.swift */,
			);
			path = Protocols;
			sourceTree = "<group>";
		};
		B52EE28F28C22C0E00EB54E8 /* Helpers */ = {
			isa = PBXGroup;
			children = (
				B52EE29228C22E5E00EB54E8 /* StoresEnum.swift */,
				B56FA06D28D6263B0074F393 /* StoresCheck.swift */,
			);
			path = Helpers;
			sourceTree = "<group>";
		};
		B52EE29428C22F4100EB54E8 /* Resourses */ = {
			isa = PBXGroup;
			children = (
				B5D7A5D728B77446000504BE /* Assets.xcassets */,
			);
			path = Resourses;
			sourceTree = "<group>";
		};
		B58FABA628B9034B00E356B1 /* Core */ = {
			isa = PBXGroup;
			children = (
				B5D7A5D228B77445000504BE /* MainTabBarController.swift */,
				B5D7A5E728B77CA2000504BE /* HomeViewController.swift */,
				B5D7A5E928B77E29000504BE /* SearchViewController.swift */,
				B533893328CB9237002F405D /* ProfileMainViewController.swift */,
			);
			path = Core;
			sourceTree = "<group>";
		};
		B591DD0F28C3A4CB00548335 /* Subclasses */ = {
			isa = PBXGroup;
			children = (
				B591DD0D28C3A45C00548335 /* DynamicCollectionView.swift */,
				B5E3A61B28CDFBAC00A48CFD /* ProfileInputTextField.swift */,
				B5E3A61F28CDFECA00A48CFD /* ProfileActionButton.swift */,
				B5A8052A28D20C2000D413CA /* ProfileSettingIconButton.swift */,
			);
			path = Subclasses;
			sourceTree = "<group>";
		};
		B591DD1228C47E3800548335 /* Extensions */ = {
			isa = PBXGroup;
			children = (
				B591DD1028C47E3400548335 /* ActivityIndicator.swift */,
				B592834028D0BB5200E322E6 /* EmptyMessageForFavouriteCollection.swift */,
				B5E3A61928CDFAFF00A48CFD /* CompositionalLayoutSections.swift */,
				B5E3A62128CE047C00A48CFD /* ConstraintPriority.swift */,
				B52C4EB128CF5E02005C5D6C /* Alerts.swift */,
				B56FA06B28D4C7B30074F393 /* GetCurrentUIWindow.swift */,
			);
			path = Extensions;
			sourceTree = "<group>";
		};
		B5A8053028D4A60B00D413CA /* UserDefaults */ = {
			isa = PBXGroup;
			children = (
				B5A8053128D4A62100D413CA /* ThemesUserDefaults.swift */,
			);
			path = UserDefaults;
			sourceTree = "<group>";
		};
		B5D7A5C228B77445000504BE = {
			isa = PBXGroup;
			children = (
				B5D7A5CD28B77445000504BE /* GameLibraryRAWG */,
				B5D7A5CC28B77445000504BE /* Products */,
			);
			sourceTree = "<group>";
		};
		B5D7A5CC28B77445000504BE /* Products */ = {
			isa = PBXGroup;
			children = (
				B5D7A5CB28B77445000504BE /* GameLibraryRAWG.app */,
			);
			name = Products;
			sourceTree = "<group>";
		};
		B5D7A5CD28B77445000504BE /* GameLibraryRAWG */ = {
			isa = PBXGroup;
			children = (
				B5D7A5E628B77631000504BE /* App */,
				B5E3A61628CCEEE400A48CFD /* FirebaseManager */,
				B5D7A5EB28B77FDE000504BE /* APIManager */,
				B5D7A5E428B775FC000504BE /* Model */,
				B5A8053028D4A60B00D413CA /* UserDefaults */,
				B5D7ACA028BE075200859B03 /* ViewModel */,
				B52C4EB328CF711A005C5D6C /* Protocols */,
				B52EE28F28C22C0E00EB54E8 /* Helpers */,
				B591DD1228C47E3800548335 /* Extensions */,
				B5D7A5E328B775F9000504BE /* Views */,
				B5D7A5E228B775DA000504BE /* Controllers */,
				B52EE29428C22F4100EB54E8 /* Resourses */,
				B5D7A5DC28B77446000504BE /* Info.plist */,
				B533891E28CA30CD002F405D /* GoogleService-Info.plist */,
			);
			path = GameLibraryRAWG;
			sourceTree = "<group>";
		};
		B5D7A5E228B775DA000504BE /* Controllers */ = {
			isa = PBXGroup;
			children = (
				B5D7ACA228BE2D2600859B03 /* Main */,
				B58FABA628B9034B00E356B1 /* Core */,
			);
			path = Controllers;
			sourceTree = "<group>";
		};
		B5D7A5E328B775F9000504BE /* Views */ = {
			isa = PBXGroup;
			children = (
				B591DD0F28C3A4CB00548335 /* Subclasses */,
				B5D7ACA128BE2D0000859B03 /* Cells */,
				B5E3A62328CE04D000A48CFD /* CollectionHeader */,
				B5BD12E328BDFF5A00BACD4D /* GameFutureView.swift */,
				B591DD1328C4B10D00548335 /* ScreenshotPreviewViewController.swift */,
				B5FE7EA728C245E3008B15B8 /* StoreWebViewViewController.swift */,
			);
			path = Views;
			sourceTree = "<group>";
		};
		B5D7A5E428B775FC000504BE /* Model */ = {
			isa = PBXGroup;
			children = (
				B5D7A5F028B784FD000504BE /* GameModel.swift */,
				B5C89E1628BCF9E300B5F0DA /* GameDetailModel.swift */,
				B5D050C728BF8BB6008DF07C /* GameScreenshotModel.swift */,
				B59D107E28C10F3F0077DFAD /* GameStoreModel.swift */,
				B55BDC6128C7952900EC7DC1 /* GameTrailer.swift */,
			);
			path = Model;
			sourceTree = "<group>";
		};
		B5D7A5E628B77631000504BE /* App */ = {
			isa = PBXGroup;
			children = (
				B5D7A5CE28B77445000504BE /* AppDelegate.swift */,
				B5D7A5D928B77446000504BE /* LaunchScreen.storyboard */,
				B5D7A5D028B77445000504BE /* SceneDelegate.swift */,
			);
			path = App;
			sourceTree = "<group>";
		};
		B5D7A5EB28B77FDE000504BE /* APIManager */ = {
			isa = PBXGroup;
			children = (
				B5D7A5EC28B77FFE000504BE /* APICaller.swift */,
				B5D7A5EE28B780AF000504BE /* APIConstants.swift */,
				B5D050C928BFA9DE008DF07C /* APIEndpoints.swift */,
			);
			path = APIManager;
			sourceTree = "<group>";
		};
		B5D7ACA028BE075200859B03 /* ViewModel */ = {
			isa = PBXGroup;
			children = (
				B5D7AC9E28BE074E00859B03 /* GameFeaturesViewModel.swift */,
				B5A8052C28D23ACD00D413CA /* GameFavouritesProfileViewModel.swift */,
			);
			path = ViewModel;
			sourceTree = "<group>";
		};
		B5D7ACA128BE2D0000859B03 /* Cells */ = {
			isa = PBXGroup;
			children = (
				B559E09428BA49B800B26A0B /* GameCollectionViewCell.swift */,
				B5D050C528BF8A65008DF07C /* SliderCollectionViewCell.swift */,
				B591DD0B28C3914200548335 /* GameStoreCollectionViewCell.swift */,
				B55BDC6328C79CF600EC7DC1 /* GameTrailerCollectionViewCell.swift */,
				B52C4EA828CF3EF4005C5D6C /* SearchGameTableViewCell.swift */,
			);
			path = Cells;
			sourceTree = "<group>";
		};
		B5D7ACA228BE2D2600859B03 /* Main */ = {
			isa = PBXGroup;
			children = (
				B5C89E1828BCFBED00B5F0DA /* GameDetailViewController.swift */,
				B578779728C9FEBB00D2B777 /* ProfileAuthorizationViewController.swift */,
				B533893128CB6FD5002F405D /* ProfileRegisterNewUserViewController.swift */,
				B592834228D0BF7E00E322E6 /* ProfileSettingsViewController.swift */,
			);
			path = Main;
			sourceTree = "<group>";
		};
		B5E3A61628CCEEE400A48CFD /* FirebaseManager */ = {
			isa = PBXGroup;
			children = (
				B5E3A61728CCEF0E00A48CFD /* FirebaseManager.swift */,
				B52C4EA628CF2C55005C5D6C /* FirebaseErrors.swift */,
				B56FA06F28D771B70074F393 /* FirebaseResults.swift */,
			);
			path = FirebaseManager;
			sourceTree = "<group>";
		};
		B5E3A62328CE04D000A48CFD /* CollectionHeader */ = {
			isa = PBXGroup;
			children = (
				B559E09C28BB72ED00B26A0B /* HeaderCollectionReusableView.swift */,
				B52C4EA428CE346B005C5D6C /* ProfileCollectionReusableView.swift */,
			);
			path = CollectionHeader;
			sourceTree = "<group>";
		};
/* End PBXGroup section */

/* Begin PBXNativeTarget section */
		B5D7A5CA28B77445000504BE /* GameLibraryRAWG */ = {
			isa = PBXNativeTarget;
			buildConfigurationList = B5D7A5DF28B77446000504BE /* Build configuration list for PBXNativeTarget "GameLibraryRAWG" */;
			buildPhases = (
				B5D7A5C728B77445000504BE /* Sources */,
				B5D7A5C828B77445000504BE /* Frameworks */,
				B5D7A5C928B77445000504BE /* Resources */,
			);
			buildRules = (
			);
			dependencies = (
			);
			name = GameLibraryRAWG;
			packageProductDependencies = (
				B559E09A28BA5C0A00B26A0B /* SDWebImage */,
				B533892128CA3278002F405D /* FirebaseAuth */,
				B533892328CA3278002F405D /* FirebaseDatabaseSwift */,
				B533892528CA3278002F405D /* FirebaseFirestore */,
				B533892728CA3278002F405D /* FirebaseFirestoreSwift */,
				B533892928CA3278002F405D /* FirebaseFunctions */,
				B533892B28CA3278002F405D /* FirebaseInstallations */,
				B533892D28CA3278002F405D /* FirebaseRemoteConfigSwift */,
				B533892F28CA3278002F405D /* FirebaseStorage */,
			);
			productName = GameLibraryRAWG;
			productReference = B5D7A5CB28B77445000504BE /* GameLibraryRAWG.app */;
			productType = "com.apple.product-type.application";
		};
/* End PBXNativeTarget section */

/* Begin PBXProject section */
		B5D7A5C328B77445000504BE /* Project object */ = {
			isa = PBXProject;
			attributes = {
				BuildIndependentTargetsInParallel = 1;
				LastSwiftUpdateCheck = 1330;
				LastUpgradeCheck = 1330;
				TargetAttributes = {
					B5D7A5CA28B77445000504BE = {
						CreatedOnToolsVersion = 13.3;
					};
				};
			};
			buildConfigurationList = B5D7A5C628B77445000504BE /* Build configuration list for PBXProject "GameLibraryRAWG" */;
			compatibilityVersion = "Xcode 13.0";
			developmentRegion = en;
			hasScannedForEncodings = 0;
			knownRegions = (
				en,
				Base,
			);
			mainGroup = B5D7A5C228B77445000504BE;
			packageReferences = (
				B559E09928BA5C0A00B26A0B /* XCRemoteSwiftPackageReference "SDWebImage" */,
				B533892028CA3278002F405D /* XCRemoteSwiftPackageReference "firebase-ios-sdk" */,
			);
			productRefGroup = B5D7A5CC28B77445000504BE /* Products */;
			projectDirPath = "";
			projectRoot = "";
			targets = (
				B5D7A5CA28B77445000504BE /* GameLibraryRAWG */,
			);
		};
/* End PBXProject section */

/* Begin PBXResourcesBuildPhase section */
		B5D7A5C928B77445000504BE /* Resources */ = {
			isa = PBXResourcesBuildPhase;
			buildActionMask = 2147483647;
			files = (
				B5D7A5DB28B77446000504BE /* LaunchScreen.storyboard in Resources */,
				B533891F28CA30CD002F405D /* GoogleService-Info.plist in Resources */,
				B5D7A5D828B77446000504BE /* Assets.xcassets in Resources */,
			);
			runOnlyForDeploymentPostprocessing = 0;
		};
/* End PBXResourcesBuildPhase section */

/* Begin PBXSourcesBuildPhase section */
		B5D7A5C728B77445000504BE /* Sources */ = {
			isa = PBXSourcesBuildPhase;
			buildActionMask = 2147483647;
			files = (
				B5E3A61C28CDFBAC00A48CFD /* ProfileInputTextField.swift in Sources */,
				B5E3A62228CE047C00A48CFD /* ConstraintPriority.swift in Sources */,
				B591DD1128C47E3400548335 /* ActivityIndicator.swift in Sources */,
				B52EE29328C22E5E00EB54E8 /* StoresEnum.swift in Sources */,
				B55BDC6428C79CF600EC7DC1 /* GameTrailerCollectionViewCell.swift in Sources */,
				B52C4EA528CE346B005C5D6C /* ProfileCollectionReusableView.swift in Sources */,
				B5D050C628BF8A65008DF07C /* SliderCollectionViewCell.swift in Sources */,
				B5D7A5EA28B77E29000504BE /* SearchViewController.swift in Sources */,
				B5C89E1928BCFBED00B5F0DA /* GameDetailViewController.swift in Sources */,
				B5E3A61A28CDFAFF00A48CFD /* CompositionalLayoutSections.swift in Sources */,
				B559E09D28BB72ED00B26A0B /* HeaderCollectionReusableView.swift in Sources */,
				B5D7A5EF28B780AF000504BE /* APIConstants.swift in Sources */,
				B56FA06C28D4C7B30074F393 /* GetCurrentUIWindow.swift in Sources */,
				B55BDC6228C7952900EC7DC1 /* GameTrailer.swift in Sources */,
				B591DD0E28C3A45C00548335 /* DynamicCollectionView.swift in Sources */,
				B5A8053228D4A62100D413CA /* ThemesUserDefaults.swift in Sources */,
				B5D050CA28BFA9DF008DF07C /* APIEndpoints.swift in Sources */,
				B533893228CB6FD5002F405D /* ProfileRegisterNewUserViewController.swift in Sources */,
				B5E3A61828CCEF0E00A48CFD /* FirebaseManager.swift in Sources */,
				B5BD12E428BDFF5A00BACD4D /* GameFutureView.swift in Sources */,
				B5D7A5ED28B77FFE000504BE /* APICaller.swift in Sources */,
				B5D7A5D328B77445000504BE /* MainTabBarController.swift in Sources */,
				B59D107F28C10F3F0077DFAD /* GameStoreModel.swift in Sources */,
				B5D7A5CF28B77445000504BE /* AppDelegate.swift in Sources */,
				B592834328D0BF7E00E322E6 /* ProfileSettingsViewController.swift in Sources */,
				B559E09528BA49B800B26A0B /* GameCollectionViewCell.swift in Sources */,
				B52C4EA928CF3EF4005C5D6C /* SearchGameTableViewCell.swift in Sources */,
				B592834128D0BB5200E322E6 /* EmptyMessageForFavouriteCollection.swift in Sources */,
				B591DD1428C4B10D00548335 /* ScreenshotPreviewViewController.swift in Sources */,
				B56FA07028D771B70074F393 /* FirebaseResults.swift in Sources */,
				B56FA06E28D6263B0074F393 /* StoresCheck.swift in Sources */,
				B52C4EB228CF5E02005C5D6C /* Alerts.swift in Sources */,
				B5FE7EA828C245E3008B15B8 /* StoreWebViewViewController.swift in Sources */,
				B592833F28CF715E00E322E6 /* Protocols.swift in Sources */,
				B591DD0C28C3914200548335 /* GameStoreCollectionViewCell.swift in Sources */,
				B5C89E1728BCF9E300B5F0DA /* GameDetailModel.swift in Sources */,
				B5D7A5F128B784FD000504BE /* GameModel.swift in Sources */,
				B5D7AC9F28BE074E00859B03 /* GameFeaturesViewModel.swift in Sources */,
				B578779828C9FEBB00D2B777 /* ProfileAuthorizationViewController.swift in Sources */,
				B5A8052D28D23ACD00D413CA /* GameFavouritesProfileViewModel.swift in Sources */,
				B5E3A62028CDFECA00A48CFD /* ProfileActionButton.swift in Sources */,
				B5A8052B28D20C2000D413CA /* ProfileSettingIconButton.swift in Sources */,
				B5D050C828BF8BB6008DF07C /* GameScreenshotModel.swift in Sources */,
				B5D7A5D128B77445000504BE /* SceneDelegate.swift in Sources */,
				B533893428CB9237002F405D /* ProfileMainViewController.swift in Sources */,
				B5D7A5E828B77CA2000504BE /* HomeViewController.swift in Sources */,
				B52C4EA728CF2C55005C5D6C /* FirebaseErrors.swift in Sources */,
			);
			runOnlyForDeploymentPostprocessing = 0;
		};
/* End PBXSourcesBuildPhase section */

/* Begin PBXVariantGroup section */
		B5D7A5D928B77446000504BE /* LaunchScreen.storyboard */ = {
			isa = PBXVariantGroup;
			children = (
				B5D7A5DA28B77446000504BE /* Base */,
			);
			name = LaunchScreen.storyboard;
			sourceTree = "<group>";
		};
/* End PBXVariantGroup section */

/* Begin XCBuildConfiguration section */
		B5D7A5DD28B77446000504BE /* Debug */ = {
			isa = XCBuildConfiguration;
			buildSettings = {
				ALWAYS_SEARCH_USER_PATHS = NO;
				CLANG_ANALYZER_NONNULL = YES;
				CLANG_ANALYZER_NUMBER_OBJECT_CONVERSION = YES_AGGRESSIVE;
				CLANG_CXX_LANGUAGE_STANDARD = "gnu++17";
				CLANG_ENABLE_MODULES = YES;
				CLANG_ENABLE_OBJC_ARC = YES;
				CLANG_ENABLE_OBJC_WEAK = YES;
				CLANG_WARN_BLOCK_CAPTURE_AUTORELEASING = YES;
				CLANG_WARN_BOOL_CONVERSION = YES;
				CLANG_WARN_COMMA = YES;
				CLANG_WARN_CONSTANT_CONVERSION = YES;
				CLANG_WARN_DEPRECATED_OBJC_IMPLEMENTATIONS = YES;
				CLANG_WARN_DIRECT_OBJC_ISA_USAGE = YES_ERROR;
				CLANG_WARN_DOCUMENTATION_COMMENTS = YES;
				CLANG_WARN_EMPTY_BODY = YES;
				CLANG_WARN_ENUM_CONVERSION = YES;
				CLANG_WARN_INFINITE_RECURSION = YES;
				CLANG_WARN_INT_CONVERSION = YES;
				CLANG_WARN_NON_LITERAL_NULL_CONVERSION = YES;
				CLANG_WARN_OBJC_IMPLICIT_RETAIN_SELF = YES;
				CLANG_WARN_OBJC_LITERAL_CONVERSION = YES;
				CLANG_WARN_OBJC_ROOT_CLASS = YES_ERROR;
				CLANG_WARN_QUOTED_INCLUDE_IN_FRAMEWORK_HEADER = YES;
				CLANG_WARN_RANGE_LOOP_ANALYSIS = YES;
				CLANG_WARN_STRICT_PROTOTYPES = YES;
				CLANG_WARN_SUSPICIOUS_MOVE = YES;
				CLANG_WARN_UNGUARDED_AVAILABILITY = YES_AGGRESSIVE;
				CLANG_WARN_UNREACHABLE_CODE = YES;
				CLANG_WARN__DUPLICATE_METHOD_MATCH = YES;
				COPY_PHASE_STRIP = NO;
				DEBUG_INFORMATION_FORMAT = dwarf;
				ENABLE_STRICT_OBJC_MSGSEND = YES;
				ENABLE_TESTABILITY = YES;
				GCC_C_LANGUAGE_STANDARD = gnu11;
				GCC_DYNAMIC_NO_PIC = NO;
				GCC_NO_COMMON_BLOCKS = YES;
				GCC_OPTIMIZATION_LEVEL = 0;
				GCC_PREPROCESSOR_DEFINITIONS = (
					"DEBUG=1",
					"$(inherited)",
				);
				GCC_WARN_64_TO_32_BIT_CONVERSION = YES;
				GCC_WARN_ABOUT_RETURN_TYPE = YES_ERROR;
				GCC_WARN_UNDECLARED_SELECTOR = YES;
				GCC_WARN_UNINITIALIZED_AUTOS = YES_AGGRESSIVE;
				GCC_WARN_UNUSED_FUNCTION = YES;
				GCC_WARN_UNUSED_VARIABLE = YES;
				IPHONEOS_DEPLOYMENT_TARGET = 15.4;
				MTL_ENABLE_DEBUG_INFO = INCLUDE_SOURCE;
				MTL_FAST_MATH = YES;
				ONLY_ACTIVE_ARCH = YES;
				SDKROOT = iphoneos;
				SWIFT_ACTIVE_COMPILATION_CONDITIONS = DEBUG;
				SWIFT_OPTIMIZATION_LEVEL = "-Onone";
			};
			name = Debug;
		};
		B5D7A5DE28B77446000504BE /* Release */ = {
			isa = XCBuildConfiguration;
			buildSettings = {
				ALWAYS_SEARCH_USER_PATHS = NO;
				CLANG_ANALYZER_NONNULL = YES;
				CLANG_ANALYZER_NUMBER_OBJECT_CONVERSION = YES_AGGRESSIVE;
				CLANG_CXX_LANGUAGE_STANDARD = "gnu++17";
				CLANG_ENABLE_MODULES = YES;
				CLANG_ENABLE_OBJC_ARC = YES;
				CLANG_ENABLE_OBJC_WEAK = YES;
				CLANG_WARN_BLOCK_CAPTURE_AUTORELEASING = YES;
				CLANG_WARN_BOOL_CONVERSION = YES;
				CLANG_WARN_COMMA = YES;
				CLANG_WARN_CONSTANT_CONVERSION = YES;
				CLANG_WARN_DEPRECATED_OBJC_IMPLEMENTATIONS = YES;
				CLANG_WARN_DIRECT_OBJC_ISA_USAGE = YES_ERROR;
				CLANG_WARN_DOCUMENTATION_COMMENTS = YES;
				CLANG_WARN_EMPTY_BODY = YES;
				CLANG_WARN_ENUM_CONVERSION = YES;
				CLANG_WARN_INFINITE_RECURSION = YES;
				CLANG_WARN_INT_CONVERSION = YES;
				CLANG_WARN_NON_LITERAL_NULL_CONVERSION = YES;
				CLANG_WARN_OBJC_IMPLICIT_RETAIN_SELF = YES;
				CLANG_WARN_OBJC_LITERAL_CONVERSION = YES;
				CLANG_WARN_OBJC_ROOT_CLASS = YES_ERROR;
				CLANG_WARN_QUOTED_INCLUDE_IN_FRAMEWORK_HEADER = YES;
				CLANG_WARN_RANGE_LOOP_ANALYSIS = YES;
				CLANG_WARN_STRICT_PROTOTYPES = YES;
				CLANG_WARN_SUSPICIOUS_MOVE = YES;
				CLANG_WARN_UNGUARDED_AVAILABILITY = YES_AGGRESSIVE;
				CLANG_WARN_UNREACHABLE_CODE = YES;
				CLANG_WARN__DUPLICATE_METHOD_MATCH = YES;
				COPY_PHASE_STRIP = NO;
				DEBUG_INFORMATION_FORMAT = "dwarf-with-dsym";
				ENABLE_NS_ASSERTIONS = NO;
				ENABLE_STRICT_OBJC_MSGSEND = YES;
				GCC_C_LANGUAGE_STANDARD = gnu11;
				GCC_NO_COMMON_BLOCKS = YES;
				GCC_WARN_64_TO_32_BIT_CONVERSION = YES;
				GCC_WARN_ABOUT_RETURN_TYPE = YES_ERROR;
				GCC_WARN_UNDECLARED_SELECTOR = YES;
				GCC_WARN_UNINITIALIZED_AUTOS = YES_AGGRESSIVE;
				GCC_WARN_UNUSED_FUNCTION = YES;
				GCC_WARN_UNUSED_VARIABLE = YES;
				IPHONEOS_DEPLOYMENT_TARGET = 15.4;
				MTL_ENABLE_DEBUG_INFO = NO;
				MTL_FAST_MATH = YES;
				SDKROOT = iphoneos;
				SWIFT_COMPILATION_MODE = wholemodule;
				SWIFT_OPTIMIZATION_LEVEL = "-O";
				VALIDATE_PRODUCT = YES;
			};
			name = Release;
		};
		B5D7A5E028B77446000504BE /* Debug */ = {
			isa = XCBuildConfiguration;
			buildSettings = {
				ASSETCATALOG_COMPILER_APPICON_NAME = AppIcon;
				ASSETCATALOG_COMPILER_GLOBAL_ACCENT_COLOR_NAME = AccentColor;
				CODE_SIGN_STYLE = Automatic;
				CURRENT_PROJECT_VERSION = 1;
				DEVELOPMENT_TEAM = V352R4M2J4;
				GENERATE_INFOPLIST_FILE = YES;
				INFOPLIST_FILE = GameLibraryRAWG/Info.plist;
				INFOPLIST_KEY_UIApplicationSupportsIndirectInputEvents = YES;
				INFOPLIST_KEY_UILaunchStoryboardName = LaunchScreen;
				INFOPLIST_KEY_UISupportedInterfaceOrientations_iPad = "UIInterfaceOrientationPortrait UIInterfaceOrientationPortraitUpsideDown UIInterfaceOrientationLandscapeLeft UIInterfaceOrientationLandscapeRight";
				INFOPLIST_KEY_UISupportedInterfaceOrientations_iPhone = "UIInterfaceOrientationPortrait UIInterfaceOrientationLandscapeLeft UIInterfaceOrientationLandscapeRight";
				LD_RUNPATH_SEARCH_PATHS = (
					"$(inherited)",
					"@executable_path/Frameworks",
				);
				MARKETING_VERSION = 1.0;
				PRODUCT_BUNDLE_IDENTIFIER = pavel.GameLibraryRAWG;
				PRODUCT_NAME = "$(TARGET_NAME)";
				SWIFT_EMIT_LOC_STRINGS = YES;
				SWIFT_VERSION = 5.0;
				TARGETED_DEVICE_FAMILY = "1,2";
			};
			name = Debug;
		};
		B5D7A5E128B77446000504BE /* Release */ = {
			isa = XCBuildConfiguration;
			buildSettings = {
				ASSETCATALOG_COMPILER_APPICON_NAME = AppIcon;
				ASSETCATALOG_COMPILER_GLOBAL_ACCENT_COLOR_NAME = AccentColor;
				CODE_SIGN_STYLE = Automatic;
				CURRENT_PROJECT_VERSION = 1;
				DEVELOPMENT_TEAM = V352R4M2J4;
				GENERATE_INFOPLIST_FILE = YES;
				INFOPLIST_FILE = GameLibraryRAWG/Info.plist;
				INFOPLIST_KEY_UIApplicationSupportsIndirectInputEvents = YES;
				INFOPLIST_KEY_UILaunchStoryboardName = LaunchScreen;
				INFOPLIST_KEY_UISupportedInterfaceOrientations_iPad = "UIInterfaceOrientationPortrait UIInterfaceOrientationPortraitUpsideDown UIInterfaceOrientationLandscapeLeft UIInterfaceOrientationLandscapeRight";
				INFOPLIST_KEY_UISupportedInterfaceOrientations_iPhone = "UIInterfaceOrientationPortrait UIInterfaceOrientationLandscapeLeft UIInterfaceOrientationLandscapeRight";
				LD_RUNPATH_SEARCH_PATHS = (
					"$(inherited)",
					"@executable_path/Frameworks",
				);
				MARKETING_VERSION = 1.0;
				PRODUCT_BUNDLE_IDENTIFIER = pavel.GameLibraryRAWG;
				PRODUCT_NAME = "$(TARGET_NAME)";
				SWIFT_EMIT_LOC_STRINGS = YES;
				SWIFT_VERSION = 5.0;
				TARGETED_DEVICE_FAMILY = "1,2";
			};
			name = Release;
		};
/* End XCBuildConfiguration section */

/* Begin XCConfigurationList section */
		B5D7A5C628B77445000504BE /* Build configuration list for PBXProject "GameLibraryRAWG" */ = {
			isa = XCConfigurationList;
			buildConfigurations = (
				B5D7A5DD28B77446000504BE /* Debug */,
				B5D7A5DE28B77446000504BE /* Release */,
			);
			defaultConfigurationIsVisible = 0;
			defaultConfigurationName = Release;
		};
		B5D7A5DF28B77446000504BE /* Build configuration list for PBXNativeTarget "GameLibraryRAWG" */ = {
			isa = XCConfigurationList;
			buildConfigurations = (
				B5D7A5E028B77446000504BE /* Debug */,
				B5D7A5E128B77446000504BE /* Release */,
			);
			defaultConfigurationIsVisible = 0;
			defaultConfigurationName = Release;
		};
/* End XCConfigurationList section */

/* Begin XCRemoteSwiftPackageReference section */
		B533892028CA3278002F405D /* XCRemoteSwiftPackageReference "firebase-ios-sdk" */ = {
			isa = XCRemoteSwiftPackageReference;
			repositoryURL = "https://github.com/firebase/firebase-ios-sdk";
			requirement = {
				kind = upToNextMinorVersion;
				minimumVersion = 9.5.0;
			};
		};
		B559E09928BA5C0A00B26A0B /* XCRemoteSwiftPackageReference "SDWebImage" */ = {
			isa = XCRemoteSwiftPackageReference;
			repositoryURL = "https://github.com/SDWebImage/SDWebImage.git";
			requirement = {
				kind = upToNextMajorVersion;
				minimumVersion = 5.0.0;
			};
		};
/* End XCRemoteSwiftPackageReference section */

/* Begin XCSwiftPackageProductDependency section */
		B533892128CA3278002F405D /* FirebaseAuth */ = {
			isa = XCSwiftPackageProductDependency;
			package = B533892028CA3278002F405D /* XCRemoteSwiftPackageReference "firebase-ios-sdk" */;
			productName = FirebaseAuth;
		};
		B533892328CA3278002F405D /* FirebaseDatabaseSwift */ = {
			isa = XCSwiftPackageProductDependency;
			package = B533892028CA3278002F405D /* XCRemoteSwiftPackageReference "firebase-ios-sdk" */;
			productName = FirebaseDatabaseSwift;
		};
		B533892528CA3278002F405D /* FirebaseFirestore */ = {
			isa = XCSwiftPackageProductDependency;
			package = B533892028CA3278002F405D /* XCRemoteSwiftPackageReference "firebase-ios-sdk" */;
			productName = FirebaseFirestore;
		};
		B533892728CA3278002F405D /* FirebaseFirestoreSwift */ = {
			isa = XCSwiftPackageProductDependency;
			package = B533892028CA3278002F405D /* XCRemoteSwiftPackageReference "firebase-ios-sdk" */;
			productName = FirebaseFirestoreSwift;
		};
		B533892928CA3278002F405D /* FirebaseFunctions */ = {
			isa = XCSwiftPackageProductDependency;
			package = B533892028CA3278002F405D /* XCRemoteSwiftPackageReference "firebase-ios-sdk" */;
			productName = FirebaseFunctions;
		};
		B533892B28CA3278002F405D /* FirebaseInstallations */ = {
			isa = XCSwiftPackageProductDependency;
			package = B533892028CA3278002F405D /* XCRemoteSwiftPackageReference "firebase-ios-sdk" */;
			productName = FirebaseInstallations;
		};
		B533892D28CA3278002F405D /* FirebaseRemoteConfigSwift */ = {
			isa = XCSwiftPackageProductDependency;
			package = B533892028CA3278002F405D /* XCRemoteSwiftPackageReference "firebase-ios-sdk" */;
			productName = FirebaseRemoteConfigSwift;
		};
		B533892F28CA3278002F405D /* FirebaseStorage */ = {
			isa = XCSwiftPackageProductDependency;
			package = B533892028CA3278002F405D /* XCRemoteSwiftPackageReference "firebase-ios-sdk" */;
			productName = FirebaseStorage;
		};
		B559E09A28BA5C0A00B26A0B /* SDWebImage */ = {
			isa = XCSwiftPackageProductDependency;
			package = B559E09928BA5C0A00B26A0B /* XCRemoteSwiftPackageReference "SDWebImage" */;
			productName = SDWebImage;
		};
/* End XCSwiftPackageProductDependency section */
	};
	rootObject = B5D7A5C328B77445000504BE /* Project object */;
}
